
Microsoft Visual Studio Solution File, Format Version 12.00
# Visual Studio Version 16
VisualStudioVersion = 16.0.31424.327
MinimumVisualStudioVersion = 10.0.40219.1
Project("{FAE04EC0-301F-11D3-BF4B-00C04F79EFBC}") = "SeedExportSystem", "SeedExportSystem\SeedExportSystem.csproj", "{7BCD3A23-28C2-4877-B7C7-2BC19E8D81AA}"
EndProject
Global
	GlobalSection(SolutionConfigurationPlatforms) = preSolution
		Debug|Any CPU = Debug|Any CPU
		Release|Any CPU = Release|Any CPU
	EndGlobalSection
	GlobalSection(ProjectConfigurationPlatforms) = postSolution
		{7BCD3A23-28C2-4877-B7C7-2BC19E8D81AA}.Debug|Any CPU.ActiveCfg = Debug|Any CPU
		{7BCD3A23-28C2-4877-B7C7-2BC19E8D81AA}.Debug|Any CPU.Build.0 = Debug|Any CPU
		{7BCD3A23-28C2-4877-B7C7-2BC19E8D81AA}.Release|Any CPU.ActiveCfg = Release|Any CPU
		{7BCD3A23-28C2-4877-B7C7-2BC19E8D81AA}.Release|Any CPU.Build.0 = Release|Any CPU
	EndGlobalSection
	GlobalSection(SolutionProperties) = preSolution
		HideSolutionNode = FALSE
	EndGlobalSection
	GlobalSection(ExtensibilityGlobals) = postSolution
		SolutionGuid = {A7873F15-128D-4DA3-B0F3-DDD900811A7E}
	EndGlobalSection
EndGlobal
